lockfileVersion: 5.4

specifiers:
  turbo: ^1.4.2

devDependencies:
  turbo: 1.4.2

packages:

  /turbo-android-arm64/1.4.2:
    resolution: {integrity: sha512-h6PorJ+muKDQE3wETwrkx3NpqypAxjIFLP3b8RQaAoNvxYa1JTSC71VMtYxMbwuDk58A1KGbXLDteR4by8Lqew==}
    cpu: [arm64]
    os: [android]
    requiresBuild: true
    dev: true
    optional: true

  /turbo-darwin-64/1.4.2:
    resolution: {integrity: sha512-HrXRwx+5FuKeR4r2ea2mWO5dImzxG7z987t4xZWytEWJ0gEujln1z1cjwotYU1l2pq8slJS8W3q9Qv3JRMrSkQ==}
    cpu: [x64]
    os: [darwin]
    requiresBuild: true
    dev: true
    optional: true

  /turbo-darwin-arm64/1.4.2:
    resolution: {integrity: sha512-/qkMqq1hdbM/I0gchx08/ZZucgnQVp6gd03tHHYnyG20z8a39f38MbX7+I5aLRpa3pQzBk8RgNx0o7G1T+KvzA==}
    cpu: [arm64]
    os: [darwin]
    requiresBuild: true
    dev: true
    optional: true

  /turbo-freebsd-64/1.4.2:
    resolution: {integrity: sha512-bZcjR7GxpuE/0qz/aKg4gWDa+6eiuoV0cRnqCJ/rae14/iSmBt0MsMa+lUH5gZUFj581Dj8fQRoBeE+EOau5CA==}
    cpu: [x64]
    os: [freebsd]
    requiresBuild: true
    dev: true
    optional: true

  /turbo-freebsd-arm64/1.4.2:
    resolution: {integrity: sha512-dDx++7AELGAHuaMQjzNiKjSPu/xdDelUtRjWOzJWmwXzrgJlwNgQ93p+LYEA7LBWVZ8a32fpBE/VDait0alIJw==}
    cpu: [arm64]
    os: [freebsd]
    requiresBuild: true
    dev: true
    optional: true

  /turbo-linux-32/1.4.2:
    resolution: {integrity: sha512-AAxsEYhgv6x4UXwCoiRe+iL2pd+ArsJQDMgJGsJn+Tb09ca6+i1rTgdOTgcCSyvRwbXt0LYzqXN9zp6FwG6VHQ==}
    cpu: [ia32]
    os: [linux]
    requiresBuild: true
    dev: true
    optional: true

  /turbo-linux-64/1.4.2:
    resolution: {integrity: sha512-t7gGxp1ILmGwzymcf72Lw4Ca916Bi9j2C4xPnJ2CAqxMWQOJKCRvyOuUHC/uy1kFDjR2yszxMb+ZJL6P3nccfA==}
    cpu: [x64]
    os: [linux]
    requiresBuild: true
    dev: true
    optional: true

  /turbo-linux-arm/1.4.2:
    resolution: {integrity: sha512-6Rri//bX3wPMa8D0sSie05Xuze+6jTUDt4qsKp+JoQVanUKkKmRaVDpyV4WuFfjDbC5iP4ocN20FeaXenMFxTA==}
    cpu: [arm]
    os: [linux]
    requiresBuild: true
    dev: true
    optional: true

  /turbo-linux-arm64/1.4.2:
    resolution: {integrity: sha512-V7eBFUOrIvLvjrc81UE8C+NfqBRKADyKrrbKD9hMG5beE/piZZNGoHUwuEgLgsykCSfHjn1sQCidocVztuTMAw==}
    cpu: [arm64]
    os: [linux]
    requiresBuild: true
    dev: true
    optional: true

  /turbo-linux-mips64le/1.4.2:
    resolution: {integrity: sha512-C0JpzpwyvhW5ChWr6S7ulUd8a+1SBLe2mLBepTWaXTh/5+sFDU/AMwPNkhpfV5o0gEtz03UPm7Y4G6dqU3UCAQ==}
    cpu: [mipsel]
    os: [linux]
    requiresBuild: true
    dev: true
    optional: true

  /turbo-linux-ppc64le/1.4.2:
    resolution: {integrity: sha512-ipxyQCj3NXq/2V6a4lKoNDt8CjcufICgHAvOhAUmoAxz4kIEKRvA/75xsPpt2Ih/a4fWGxsbWFK6oA+ac0l3jQ==}
    cpu: [ppc64]
    os: [linux]
    requiresBuild: true
    dev: true
    optional: true

  /turbo-windows-32/1.4.2:
    resolution: {integrity: sha512-pCvsh8mPSw6ZFABQqeJzfercnsOwCj1LpbWTPW1QftDij6zw1OWU4jWU529Ub1f+GMBej+xm/ufJhT+8A3NhwA==}
    cpu: [ia32]
    os: [win32]
    requiresBuild: true
    dev: true
    optional: true

  /turbo-windows-64/1.4.2:
    resolution: {integrity: sha512-GnvM8uGOA6idUloDDxiEgUpIx5o5ZJL0ARL7f+6r/vfwA+qlSe/F+4hDCmT3+Xkg7/7zDZix5ViKVoTDMBP/Ig==}
    cpu: [x64]
    os: [win32]
    requiresBuild: true
    dev: true
    optional: true

  /turbo-windows-arm64/1.4.2:
    resolution: {integrity: sha512-2mCPiDnMLY924+M07mMo464cjOr0EITuIkK67IBm3EeEwSlunOmQk+LRc/Jq/Zx6Zuzp5XPZ2fZVvmmSFfogpQ==}
    cpu: [arm64]
    os: [win32]
    requiresBuild: true
    dev: true
    optional: true

  /turbo/1.4.2:
    resolution: {integrity: sha512-ry1vUs5oHCIM+Sef8HED2XsbL28YAeclCrOtDp9zbZZMUX1r5s01COqOJjFJZfDiv2zSlUge9IIQXprM8BfrtA==}
    hasBin: true
    requiresBuild: true
    optionalDependencies:
      turbo-android-arm64: 1.4.2
      turbo-darwin-64: 1.4.2
      turbo-darwin-arm64: 1.4.2
      turbo-freebsd-64: 1.4.2
      turbo-freebsd-arm64: 1.4.2
      turbo-linux-32: 1.4.2
      turbo-linux-64: 1.4.2
      turbo-linux-arm: 1.4.2
      turbo-linux-arm64: 1.4.2
      turbo-linux-mips64le: 1.4.2
      turbo-linux-ppc64le: 1.4.2
      turbo-windows-32: 1.4.2
      turbo-windows-64: 1.4.2
      turbo-windows-arm64: 1.4.2
    dev: true
